Microsoft Visual Studio Solution File, Format Version 12.00
# Visual Studio Version 16
VisualStudioVersion = 16.0.30907.101
MinimumVisualStudioVersion = 10.0.40219.1
Project("{8BC9CEB8-8B4A-11D0-8D11-00A0C91BC942}") = "JoyShockLibrary", "JoyShockLibrary\JoyShockLibrary\JoyShockLibrary.vcxproj", "{F042B0A8-303B-3F68-B9A9-6EFC1C12F564}"
EndProject
Project("{8BC9CEB8-8B4A-11D0-8D11-00A0C91BC942}") = "hidapi", "JoyShockLibrary\hidapi.vcxproj", "{6FF7033A-4275-31C8-AC0D-B69CA7D560B1}"
EndProject
Project("{8BC9CEB8-8B4A-11D0-8D11-00A0C91BC942}") = "Exselector", "Exselector.vcxproj", "{76A5E2A1-C885-4C73-94BA-0B4F4065BC16}"
	ProjectSection(ProjectDependencies) = postProject
		{F042B0A8-303B-3F68-B9A9-6EFC1C12F564} = {F042B0A8-303B-3F68-B9A9-6EFC1C12F564}
		{1EC8E2EF-5798-4626-A88F-D213840B9AAB} = {1EC8E2EF-5798-4626-A88F-D213840B9AAB}
	EndProjectSection
EndProject
Project("{8BC9CEB8-8B4A-11D0-8D11-00A0C91BC942}") = "System", "System.vcxproj", "{688F7114-7D64-4FFA-BF74-0016F2964674}"
	ProjectSection(ProjectDependencies) = postProject
		{76A5E2A1-C885-4C73-94BA-0B4F4065BC16} = {76A5E2A1-C885-4C73-94BA-0B4F4065BC16}
	EndProjectSection
EndProject
Project("{8BC9CEB8-8B4A-11D0-8D11-00A0C91BC942}") = "95", "..\..\Widgets95\trunk\msvc\vc10-Win\95.vcxproj", "{1EC8E2EF-5798-4626-A88F-D213840B9AAB}"
EndProject
Project("{8BC9CEB8-8B4A-11D0-8D11-00A0C91BC942}") = "SomEx", "..\SomEx\SomEx.vcxproj", "{4D50E220-C402-4FC6-AE8C-F9C743BF6B1D}"
EndProject
Project("{8BC9CEB8-8B4A-11D0-8D11-00A0C91BC942}") = "x2mdl", "..\Somimp\x2mdl.vcxproj", "{36248B6C-6F85-47E8-82AB-DCE99323AB9A}"
EndProject
Project("{8BC9CEB8-8B4A-11D0-8D11-00A0C91BC942}") = "Somversion", "..\Somversion\Somversion.vcxproj", "{BB0864BD-C3C2-492E-91C7-209953120C8D}"
EndProject
Project("{8BC9CEB8-8B4A-11D0-8D11-00A0C91BC942}") = "SOM", "..\SOM\SOM.vcxproj", "{AF0B174C-E06C-4E91-9E3A-855E1BF974AD}"
EndProject
Project("{8BC9CEB8-8B4A-11D0-8D11-00A0C91BC942}") = "SOM_EX", "..\SOM_EX\SOM_EX.vcxproj", "{2A1E2B14-92E0-45EC-9E2A-ED12ED9E8EB4}"
EndProject
Project("{8BC9CEB8-8B4A-11D0-8D11-00A0C91BC942}") = "Sompaste", "..\Sompaste\Sompaste.vcxproj", "{6B4AC379-8425-4CC4-93A5-E1EA36C569EB}"
EndProject
Global
	GlobalSection(SolutionConfigurationPlatforms) = preSolution
		Debug DLL (x2mdl)|Any CPU = Debug DLL (x2mdl)|Any CPU
		Debug DLL (x2mdl)|x64 = Debug DLL (x2mdl)|x64
		Debug DLL (x2mdl)|x86 = Debug DLL (x2mdl)|x86
		Debug Static|Any CPU = Debug Static|Any CPU
		Debug Static|x64 = Debug Static|x64
		Debug Static|x86 = Debug Static|x86
		Debug|Any CPU = Debug|Any CPU
		Debug|x64 = Debug|x64
		Debug|x86 = Debug|x86
		GN|Any CPU = GN|Any CPU
		GN|x64 = GN|x64
		GN|x86 = GN|x86
		MinSizeRel|Any CPU = MinSizeRel|Any CPU
		MinSizeRel|x64 = MinSizeRel|x64
		MinSizeRel|x86 = MinSizeRel|x86
		Release DLL (x2mdl)|Any CPU = Release DLL (x2mdl)|Any CPU
		Release DLL (x2mdl)|x64 = Release DLL (x2mdl)|x64
		Release DLL (x2mdl)|x86 = Release DLL (x2mdl)|x86
		Release Static|Any CPU = Release Static|Any CPU
		Release Static|x64 = Release Static|x64
		Release Static|x86 = Release Static|x86
		Release|Any CPU = Release|Any CPU
		Release|x64 = Release|x64
		Release|x86 = Release|x86
		RelWithDebInfo|Any CPU = RelWithDebInfo|Any CPU
		RelWithDebInfo|x64 = RelWithDebInfo|x64
		RelWithDebInfo|x86 = RelWithDebInfo|x86
	EndGlobalSection
	GlobalSection(ProjectConfigurationPlatforms) = postSolution
		{F042B0A8-303B-3F68-B9A9-6EFC1C12F564}.Debug DLL (x2mdl)|Any CPU.ActiveCfg = MinSizeRel|Win32
		{F042B0A8-303B-3F68-B9A9-6EFC1C12F564}.Debug DLL (x2mdl)|Any CPU.Build.0 = MinSizeRel|Win32
		{F042B0A8-303B-3F68-B9A9-6EFC1C12F564}.Debug DLL (x2mdl)|x64.ActiveCfg = Release|Win32
		{F042B0A8-303B-3F68-B9A9-6EFC1C12F564}.Debug DLL (x2mdl)|x86.ActiveCfg = Debug|Win32
		{F042B0A8-303B-3F68-B9A9-6EFC1C12F564}.Debug Static|Any CPU.ActiveCfg = MinSizeRel|Win32
		{F042B0A8-303B-3F68-B9A9-6EFC1C12F564}.Debug Static|Any CPU.Build.0 = MinSizeRel|Win32
		{F042B0A8-303B-3F68-B9A9-6EFC1C12F564}.Debug Static|x64.ActiveCfg = Debug|Win32
		{F042B0A8-303B-3F68-B9A9-6EFC1C12F564}.Debug Static|x64.Build.0 = Debug|Win32
		{F042B0A8-303B-3F68-B9A9-6EFC1C12F564}.Debug Static|x86.ActiveCfg = Debug|Win32
		{F042B0A8-303B-3F68-B9A9-6EFC1C12F564}.Debug Static|x86.Build.0 = Debug|Win32
		{F042B0A8-303B-3F68-B9A9-6EFC1C12F564}.Debug|Any CPU.ActiveCfg = Debug|Win32
		{F042B0A8-303B-3F68-B9A9-6EFC1C12F564}.Debug|x64.ActiveCfg = Debug|Win32
		{F042B0A8-303B-3F68-B9A9-6EFC1C12F564}.Debug|x86.ActiveCfg = Debug|Win32
		{F042B0A8-303B-3F68-B9A9-6EFC1C12F564}.Debug|x86.Build.0 = Debug|Win32
		{F042B0A8-303B-3F68-B9A9-6EFC1C12F564}.GN|Any CPU.ActiveCfg = MinSizeRel|Win32
		{F042B0A8-303B-3F68-B9A9-6EFC1C12F564}.GN|Any CPU.Build.0 = MinSizeRel|Win32
		{F042B0A8-303B-3F68-B9A9-6EFC1C12F564}.GN|x64.ActiveCfg = Release|Win32
		{F042B0A8-303B-3F68-B9A9-6EFC1C12F564}.GN|x64.Build.0 = Release|Win32
		{F042B0A8-303B-3F68-B9A9-6EFC1C12F564}.GN|x86.ActiveCfg = RelWithDebInfo|Win32
		{F042B0A8-303B-3F68-B9A9-6EFC1C12F564}.GN|x86.Build.0 = RelWithDebInfo|Win32
		{F042B0A8-303B-3F68-B9A9-6EFC1C12F564}.MinSizeRel|Any CPU.ActiveCfg = MinSizeRel|Win32
		{F042B0A8-303B-3F68-B9A9-6EFC1C12F564}.MinSizeRel|x64.ActiveCfg = MinSizeRel|Win32
		{F042B0A8-303B-3F68-B9A9-6EFC1C12F564}.MinSizeRel|x86.ActiveCfg = MinSizeRel|Win32
		{F042B0A8-303B-3F68-B9A9-6EFC1C12F564}.MinSizeRel|x86.Build.0 = MinSizeRel|Win32
		{F042B0A8-303B-3F68-B9A9-6EFC1C12F564}.Release DLL (x2mdl)|Any CPU.ActiveCfg = MinSizeRel|Win32
		{F042B0A8-303B-3F68-B9A9-6EFC1C12F564}.Release DLL (x2mdl)|Any CPU.Build.0 = MinSizeRel|Win32
		{F042B0A8-303B-3F68-B9A9-6EFC1C12F564}.Release DLL (x2mdl)|x64.ActiveCfg = MinSizeRel|Win32
		{F042B0A8-303B-3F68-B9A9-6EFC1C12F564}.Release DLL (x2mdl)|x86.ActiveCfg = Debug|Win32
		{F042B0A8-303B-3F68-B9A9-6EFC1C12F564}.Release Static|Any CPU.ActiveCfg = MinSizeRel|Win32
		{F042B0A8-303B-3F68-B9A9-6EFC1C12F564}.Release Static|Any CPU.Build.0 = MinSizeRel|Win32
		{F042B0A8-303B-3F68-B9A9-6EFC1C12F564}.Release Static|x64.ActiveCfg = Release|Win32
		{F042B0A8-303B-3F68-B9A9-6EFC1C12F564}.Release Static|x64.Build.0 = Release|Win32
		{F042B0A8-303B-3F68-B9A9-6EFC1C12F564}.Release Static|x86.ActiveCfg = Release|Win32
		{F042B0A8-303B-3F68-B9A9-6EFC1C12F564}.Release Static|x86.Build.0 = Release|Win32
		{F042B0A8-303B-3F68-B9A9-6EFC1C12F564}.Release|Any CPU.ActiveCfg = Release|Win32
		{F042B0A8-303B-3F68-B9A9-6EFC1C12F564}.Release|x64.ActiveCfg = Release|Win32
		{F042B0A8-303B-3F68-B9A9-6EFC1C12F564}.Release|x86.ActiveCfg = Release|Win32
		{F042B0A8-303B-3F68-B9A9-6EFC1C12F564}.Release|x86.Build.0 = Release|Win32
		{F042B0A8-303B-3F68-B9A9-6EFC1C12F564}.RelWithDebInfo|Any CPU.ActiveCfg = RelWithDebInfo|Win32
		{F042B0A8-303B-3F68-B9A9-6EFC1C12F564}.RelWithDebInfo|x64.ActiveCfg = RelWithDebInfo|Win32
		{F042B0A8-303B-3F68-B9A9-6EFC1C12F564}.RelWithDebInfo|x86.ActiveCfg = RelWithDebInfo|Win32
		{F042B0A8-303B-3F68-B9A9-6EFC1C12F564}.RelWithDebInfo|x86.Build.0 = RelWithDebInfo|Win32
		{6FF7033A-4275-31C8-AC0D-B69CA7D560B1}.Debug DLL (x2mdl)|Any CPU.ActiveCfg = MinSizeRel|Win32
		{6FF7033A-4275-31C8-AC0D-B69CA7D560B1}.Debug DLL (x2mdl)|Any CPU.Build.0 = MinSizeRel|Win32
		{6FF7033A-4275-31C8-AC0D-B69CA7D560B1}.Debug DLL (x2mdl)|x64.ActiveCfg = Release|Win32
		{6FF7033A-4275-31C8-AC0D-B69CA7D560B1}.Debug DLL (x2mdl)|x86.ActiveCfg = Debug|Win32
		{6FF7033A-4275-31C8-AC0D-B69CA7D560B1}.Debug Static|Any CPU.ActiveCfg = MinSizeRel|Win32
		{6FF7033A-4275-31C8-AC0D-B69CA7D560B1}.Debug Static|Any CPU.Build.0 = MinSizeRel|Win32
		{6FF7033A-4275-31C8-AC0D-B69CA7D560B1}.Debug Static|x64.ActiveCfg = Debug|Win32
		{6FF7033A-4275-31C8-AC0D-B69CA7D560B1}.Debug Static|x64.Build.0 = Debug|Win32
		{6FF7033A-4275-31C8-AC0D-B69CA7D560B1}.Debug Static|x86.ActiveCfg = Debug|Win32
		{6FF7033A-4275-31C8-AC0D-B69CA7D560B1}.Debug Static|x86.Build.0 = Debug|Win32
		{6FF7033A-4275-31C8-AC0D-B69CA7D560B1}.Debug|Any CPU.ActiveCfg = Debug|Win32
		{6FF7033A-4275-31C8-AC0D-B69CA7D560B1}.Debug|x64.ActiveCfg = Debug|Win32
		{6FF7033A-4275-31C8-AC0D-B69CA7D560B1}.Debug|x86.ActiveCfg = Debug|Win32
		{6FF7033A-4275-31C8-AC0D-B69CA7D560B1}.Debug|x86.Build.0 = Debug|Win32
		{6FF7033A-4275-31C8-AC0D-B69CA7D560B1}.GN|Any CPU.ActiveCfg = MinSizeRel|Win32
		{6FF7033A-4275-31C8-AC0D-B69CA7D560B1}.GN|Any CPU.Build.0 = MinSizeRel|Win32
		{6FF7033A-4275-31C8-AC0D-B69CA7D560B1}.GN|x64.ActiveCfg = Release|Win32
		{6FF7033A-4275-31C8-AC0D-B69CA7D560B1}.GN|x64.Build.0 = Release|Win32
		{6FF7033A-4275-31C8-AC0D-B69CA7D560B1}.GN|x86.ActiveCfg = RelWithDebInfo|Win32
		{6FF7033A-4275-31C8-AC0D-B69CA7D560B1}.GN|x86.Build.0 = RelWithDebInfo|Win32
		{6FF7033A-4275-31C8-AC0D-B69CA7D560B1}.MinSizeRel|Any CPU.ActiveCfg = MinSizeRel|Win32
		{6FF7033A-4275-31C8-AC0D-B69CA7D560B1}.MinSizeRel|x64.ActiveCfg = MinSizeRel|Win32
		{6FF7033A-4275-31C8-AC0D-B69CA7D560B1}.MinSizeRel|x86.ActiveCfg = MinSizeRel|Win32
		{6FF7033A-4275-31C8-AC0D-B69CA7D560B1}.MinSizeRel|x86.Build.0 = MinSizeRel|Win32
		{6FF7033A-4275-31C8-AC0D-B69CA7D560B1}.Release DLL (x2mdl)|Any CPU.ActiveCfg = MinSizeRel|Win32
		{6FF7033A-4275-31C8-AC0D-B69CA7D560B1}.Release DLL (x2mdl)|Any CPU.Build.0 = MinSizeRel|Win32
		{6FF7033A-4275-31C8-AC0D-B69CA7D560B1}.Release DLL (x2mdl)|x64.ActiveCfg = MinSizeRel|Win32
		{6FF7033A-4275-31C8-AC0D-B69CA7D560B1}.Release DLL (x2mdl)|x86.ActiveCfg = Debug|Win32
		{6FF7033A-4275-31C8-AC0D-B69CA7D560B1}.Release Static|Any CPU.ActiveCfg = MinSizeRel|Win32
		{6FF7033A-4275-31C8-AC0D-B69CA7D560B1}.Release Static|Any CPU.Build.0 = MinSizeRel|Win32
		{6FF7033A-4275-31C8-AC0D-B69CA7D560B1}.Release Static|x64.ActiveCfg = Release|Win32
		{6FF7033A-4275-31C8-AC0D-B69CA7D560B1}.Release Static|x64.Build.0 = Release|Win32
		{6FF7033A-4275-31C8-AC0D-B69CA7D560B1}.Release Static|x86.ActiveCfg = Release|Win32
		{6FF7033A-4275-31C8-AC0D-B69CA7D560B1}.Release Static|x86.Build.0 = Release|Win32
		{6FF7033A-4275-31C8-AC0D-B69CA7D560B1}.Release|Any CPU.ActiveCfg = Release|Win32
		{6FF7033A-4275-31C8-AC0D-B69CA7D560B1}.Release|x64.ActiveCfg = Release|Win32
		{6FF7033A-4275-31C8-AC0D-B69CA7D560B1}.Release|x86.ActiveCfg = Release|Win32
		{6FF7033A-4275-31C8-AC0D-B69CA7D560B1}.Release|x86.Build.0 = Release|Win32
		{6FF7033A-4275-31C8-AC0D-B69CA7D560B1}.RelWithDebInfo|Any CPU.ActiveCfg = RelWithDebInfo|Win32
		{6FF7033A-4275-31C8-AC0D-B69CA7D560B1}.RelWithDebInfo|x64.ActiveCfg = RelWithDebInfo|Win32
		{6FF7033A-4275-31C8-AC0D-B69CA7D560B1}.RelWithDebInfo|x86.ActiveCfg = RelWithDebInfo|Win32
		{6FF7033A-4275-31C8-AC0D-B69CA7D560B1}.RelWithDebInfo|x86.Build.0 = RelWithDebInfo|Win32
		{76A5E2A1-C885-4C73-94BA-0B4F4065BC16}.Debug DLL (x2mdl)|Any CPU.ActiveCfg = Release (ANGLE)|Win32
		{76A5E2A1-C885-4C73-94BA-0B4F4065BC16}.Debug DLL (x2mdl)|Any CPU.Build.0 = Release (ANGLE)|Win32
		{76A5E2A1-C885-4C73-94BA-0B4F4065BC16}.Debug DLL (x2mdl)|x64.ActiveCfg = Debug|Win32
		{76A5E2A1-C885-4C73-94BA-0B4F4065BC16}.Debug DLL (x2mdl)|x86.ActiveCfg = Debug|Win32
		{76A5E2A1-C885-4C73-94BA-0B4F4065BC16}.Debug Static|Any CPU.ActiveCfg = Release (ANGLE)|Win32
		{76A5E2A1-C885-4C73-94BA-0B4F4065BC16}.Debug Static|Any CPU.Build.0 = Release (ANGLE)|Win32
		{76A5E2A1-C885-4C73-94BA-0B4F4065BC16}.Debug Static|x64.ActiveCfg = Debug|Win32
		{76A5E2A1-C885-4C73-94BA-0B4F4065BC16}.Debug Static|x64.Build.0 = Debug|Win32
		{76A5E2A1-C885-4C73-94BA-0B4F4065BC16}.Debug Static|x86.ActiveCfg = Debug|Win32
		{76A5E2A1-C885-4C73-94BA-0B4F4065BC16}.Debug Static|x86.Build.0 = Debug|Win32
		{76A5E2A1-C885-4C73-94BA-0B4F4065BC16}.Debug|Any CPU.ActiveCfg = Debug|Win32
		{76A5E2A1-C885-4C73-94BA-0B4F4065BC16}.Debug|x64.ActiveCfg = Debug|Win32
		{76A5E2A1-C885-4C73-94BA-0B4F4065BC16}.Debug|x86.ActiveCfg = Debug|Win32
		{76A5E2A1-C885-4C73-94BA-0B4F4065BC16}.Debug|x86.Build.0 = Debug|Win32
		{76A5E2A1-C885-4C73-94BA-0B4F4065BC16}.GN|Any CPU.ActiveCfg = Release (ANGLE)|Win32
		{76A5E2A1-C885-4C73-94BA-0B4F4065BC16}.GN|Any CPU.Build.0 = Release (ANGLE)|Win32
		{76A5E2A1-C885-4C73-94BA-0B4F4065BC16}.GN|x64.ActiveCfg = Release|Win32
		{76A5E2A1-C885-4C73-94BA-0B4F4065BC16}.GN|x64.Build.0 = Release|Win32
		{76A5E2A1-C885-4C73-94BA-0B4F4065BC16}.GN|x86.ActiveCfg = Release|Win32
		{76A5E2A1-C885-4C73-94BA-0B4F4065BC16}.GN|x86.Build.0 = Release|Win32
		{76A5E2A1-C885-4C73-94BA-0B4F4065BC16}.MinSizeRel|Any CPU.ActiveCfg = Release (ANGLE)|Win32
		{76A5E2A1-C885-4C73-94BA-0B4F4065BC16}.MinSizeRel|Any CPU.Build.0 = Release (ANGLE)|Win32
		{76A5E2A1-C885-4C73-94BA-0B4F4065BC16}.MinSizeRel|x64.ActiveCfg = Release|Win32
		{76A5E2A1-C885-4C73-94BA-0B4F4065BC16}.MinSizeRel|x64.Build.0 = Release|Win32
		{76A5E2A1-C885-4C73-94BA-0B4F4065BC16}.MinSizeRel|x86.ActiveCfg = Debug|Win32
		{76A5E2A1-C885-4C73-94BA-0B4F4065BC16}.MinSizeRel|x86.Build.0 = Debug|Win32
		{76A5E2A1-C885-4C73-94BA-0B4F4065BC16}.Release DLL (x2mdl)|Any CPU.ActiveCfg = Release (ANGLE)|Win32
		{76A5E2A1-C885-4C73-94BA-0B4F4065BC16}.Release DLL (x2mdl)|Any CPU.Build.0 = Release (ANGLE)|Win32
		{76A5E2A1-C885-4C73-94BA-0B4F4065BC16}.Release DLL (x2mdl)|x64.ActiveCfg = Release|Win32
		{76A5E2A1-C885-4C73-94BA-0B4F4065BC16}.Release DLL (x2mdl)|x86.ActiveCfg = Release|Win32
		{76A5E2A1-C885-4C73-94BA-0B4F4065BC16}.Release Static|Any CPU.ActiveCfg = Release (ANGLE)|Win32
		{76A5E2A1-C885-4C73-94BA-0B4F4065BC16}.Release Static|Any CPU.Build.0 = Release (ANGLE)|Win32
		{76A5E2A1-C885-4C73-94BA-0B4F4065BC16}.Release Static|x64.ActiveCfg = Release|Win32
		{76A5E2A1-C885-4C73-94BA-0B4F4065BC16}.Release Static|x64.Build.0 = Release|Win32
		{76A5E2A1-C885-4C73-94BA-0B4F4065BC16}.Release Static|x86.ActiveCfg = Release|Win32
		{76A5E2A1-C885-4C73-94BA-0B4F4065BC16}.Release Static|x86.Build.0 = Release|Win32
		{76A5E2A1-C885-4C73-94BA-0B4F4065BC16}.Release|Any CPU.ActiveCfg = Release|Win32
		{76A5E2A1-C885-4C73-94BA-0B4F4065BC16}.Release|x64.ActiveCfg = Release|Win32
		{76A5E2A1-C885-4C73-94BA-0B4F4065BC16}.Release|x86.ActiveCfg = Release|Win32
		{76A5E2A1-C885-4C73-94BA-0B4F4065BC16}.Release|x86.Build.0 = Release|Win32
		{76A5E2A1-C885-4C73-94BA-0B4F4065BC16}.RelWithDebInfo|Any CPU.ActiveCfg = RelWithDebInfo|Win32
		{76A5E2A1-C885-4C73-94BA-0B4F4065BC16}.RelWithDebInfo|x64.ActiveCfg = Release|Win32
		{76A5E2A1-C885-4C73-94BA-0B4F4065BC16}.RelWithDebInfo|x64.Build.0 = Release|Win32
		{76A5E2A1-C885-4C73-94BA-0B4F4065BC16}.RelWithDebInfo|x86.ActiveCfg = RelWithDebInfo|Win32
		{76A5E2A1-C885-4C73-94BA-0B4F4065BC16}.RelWithDebInfo|x86.Build.0 = RelWithDebInfo|Win32
		{688F7114-7D64-4FFA-BF74-0016F2964674}.Debug DLL (x2mdl)|Any CPU.ActiveCfg = Release|Win32
		{688F7114-7D64-4FFA-BF74-0016F2964674}.Debug DLL (x2mdl)|Any CPU.Build.0 = Release|Win32
		{688F7114-7D64-4FFA-BF74-0016F2964674}.Debug DLL (x2mdl)|x64.ActiveCfg = Debug|Win32
		{688F7114-7D64-4FFA-BF74-0016F2964674}.Debug DLL (x2mdl)|x64.Build.0 = Debug|Win32
		{688F7114-7D64-4FFA-BF74-0016F2964674}.Debug DLL (x2mdl)|x86.ActiveCfg = Debug|Win32
		{688F7114-7D64-4FFA-BF74-0016F2964674}.Debug DLL (x2mdl)|x86.Build.0 = Debug|Win32
		{688F7114-7D64-4FFA-BF74-0016F2964674}.Debug Static|Any CPU.ActiveCfg = Release|Win32
		{688F7114-7D64-4FFA-BF74-0016F2964674}.Debug Static|Any CPU.Build.0 = Release|Win32
		{688F7114-7D64-4FFA-BF74-0016F2964674}.Debug Static|x64.ActiveCfg = Debug|Win32
		{688F7114-7D64-4FFA-BF74-0016F2964674}.Debug Static|x64.Build.0 = Debug|Win32
		{688F7114-7D64-4FFA-BF74-0016F2964674}.Debug Static|x86.ActiveCfg = Debug|Win32
		{688F7114-7D64-4FFA-BF74-0016F2964674}.Debug Static|x86.Build.0 = Debug|Win32
		{688F7114-7D64-4FFA-BF74-0016F2964674}.Debug|Any CPU.ActiveCfg = Debug|Win32
		{688F7114-7D64-4FFA-BF74-0016F2964674}.Debug|x64.ActiveCfg = Debug|Win32
		{688F7114-7D64-4FFA-BF74-0016F2964674}.Debug|x86.ActiveCfg = Debug|Win32
		{688F7114-7D64-4FFA-BF74-0016F2964674}.Debug|x86.Build.0 = Debug|Win32
		{688F7114-7D64-4FFA-BF74-0016F2964674}.GN|Any CPU.ActiveCfg = Release|Win32
		{688F7114-7D64-4FFA-BF74-0016F2964674}.GN|Any CPU.Build.0 = Release|Win32
		{688F7114-7D64-4FFA-BF74-0016F2964674}.GN|x64.ActiveCfg = Release|Win32
		{688F7114-7D64-4FFA-BF74-0016F2964674}.GN|x64.Build.0 = Release|Win32
		{688F7114-7D64-4FFA-BF74-0016F2964674}.GN|x86.ActiveCfg = Release|Win32
		{688F7114-7D64-4FFA-BF74-0016F2964674}.GN|x86.Build.0 = Release|Win32
		{688F7114-7D64-4FFA-BF74-0016F2964674}.MinSizeRel|Any CPU.ActiveCfg = Release|Win32
		{688F7114-7D64-4FFA-BF74-0016F2964674}.MinSizeRel|Any CPU.Build.0 = Release|Win32
		{688F7114-7D64-4FFA-BF74-0016F2964674}.MinSizeRel|x64.ActiveCfg = Release|Win32
		{688F7114-7D64-4FFA-BF74-0016F2964674}.MinSizeRel|x64.Build.0 = Release|Win32
		{688F7114-7D64-4FFA-BF74-0016F2964674}.MinSizeRel|x86.ActiveCfg = Debug|Win32
		{688F7114-7D64-4FFA-BF74-0016F2964674}.MinSizeRel|x86.Build.0 = Debug|Win32
		{688F7114-7D64-4FFA-BF74-0016F2964674}.Release DLL (x2mdl)|Any CPU.ActiveCfg = Release|Win32
		{688F7114-7D64-4FFA-BF74-0016F2964674}.Release DLL (x2mdl)|Any CPU.Build.0 = Release|Win32
		{688F7114-7D64-4FFA-BF74-0016F2964674}.Release DLL (x2mdl)|x64.ActiveCfg = Release|Win32
		{688F7114-7D64-4FFA-BF74-0016F2964674}.Release DLL (x2mdl)|x64.Build.0 = Release|Win32
		{688F7114-7D64-4FFA-BF74-0016F2964674}.Release DLL (x2mdl)|x86.ActiveCfg = Release|Win32
		{688F7114-7D64-4FFA-BF74-0016F2964674}.Release DLL (x2mdl)|x86.Build.0 = Release|Win32
		{688F7114-7D64-4FFA-BF74-0016F2964674}.Release Static|Any CPU.ActiveCfg = Release|Win32
		{688F7114-7D64-4FFA-BF74-0016F2964674}.Release Static|Any CPU.Build.0 = Release|Win32
		{688F7114-7D64-4FFA-BF74-0016F2964674}.Release Static|x64.ActiveCfg = Release|Win32
		{688F7114-7D64-4FFA-BF74-0016F2964674}.Release Static|x64.Build.0 = Release|Win32
		{688F7114-7D64-4FFA-BF74-0016F2964674}.Release Static|x86.ActiveCfg = Release|Win32
		{688F7114-7D64-4FFA-BF74-0016F2964674}.Release Static|x86.Build.0 = Release|Win32
		{688F7114-7D64-4FFA-BF74-0016F2964674}.Release|Any CPU.ActiveCfg = Release|Win32
		{688F7114-7D64-4FFA-BF74-0016F2964674}.Release|x64.ActiveCfg = Release|Win32
		{688F7114-7D64-4FFA-BF74-0016F2964674}.Release|x86.ActiveCfg = Release|Win32
		{688F7114-7D64-4FFA-BF74-0016F2964674}.Release|x86.Build.0 = Release|Win32
		{688F7114-7D64-4FFA-BF74-0016F2964674}.RelWithDebInfo|Any CPU.ActiveCfg = Release|Win32
		{688F7114-7D64-4FFA-BF74-0016F2964674}.RelWithDebInfo|Any CPU.Build.0 = Release|Win32
		{688F7114-7D64-4FFA-BF74-0016F2964674}.RelWithDebInfo|x64.ActiveCfg = Release|Win32
		{688F7114-7D64-4FFA-BF74-0016F2964674}.RelWithDebInfo|x64.Build.0 = Release|Win32
		{688F7114-7D64-4FFA-BF74-0016F2964674}.RelWithDebInfo|x86.ActiveCfg = Release|Win32
		{688F7114-7D64-4FFA-BF74-0016F2964674}.RelWithDebInfo|x86.Build.0 = Release|Win32
		{1EC8E2EF-5798-4626-A88F-D213840B9AAB}.Debug DLL (x2mdl)|Any CPU.ActiveCfg = Release MM3D|Win32
		{1EC8E2EF-5798-4626-A88F-D213840B9AAB}.Debug DLL (x2mdl)|Any CPU.Build.0 = Release MM3D|Win32
		{1EC8E2EF-5798-4626-A88F-D213840B9AAB}.Debug DLL (x2mdl)|x64.ActiveCfg = Debug|Win32
		{1EC8E2EF-5798-4626-A88F-D213840B9AAB}.Debug DLL (x2mdl)|x86.ActiveCfg = Debug Static|Win32
		{1EC8E2EF-5798-4626-A88F-D213840B9AAB}.Debug Static|Any CPU.ActiveCfg = Debug Static|Win32
		{1EC8E2EF-5798-4626-A88F-D213840B9AAB}.Debug Static|x64.ActiveCfg = Debug Static|Win32
		{1EC8E2EF-5798-4626-A88F-D213840B9AAB}.Debug Static|x86.ActiveCfg = Debug Static|Win32
		{1EC8E2EF-5798-4626-A88F-D213840B9AAB}.Debug Static|x86.Build.0 = Debug Static|Win32
		{1EC8E2EF-5798-4626-A88F-D213840B9AAB}.Debug|Any CPU.ActiveCfg = Debug|Win32
		{1EC8E2EF-5798-4626-A88F-D213840B9AAB}.Debug|x64.ActiveCfg = Debug Static|Win32
		{1EC8E2EF-5798-4626-A88F-D213840B9AAB}.Debug|x86.ActiveCfg = Debug Static|Win32
		{1EC8E2EF-5798-4626-A88F-D213840B9AAB}.Debug|x86.Build.0 = Debug Static|Win32
		{1EC8E2EF-5798-4626-A88F-D213840B9AAB}.GN|Any CPU.ActiveCfg = Release MM3D|Win32
		{1EC8E2EF-5798-4626-A88F-D213840B9AAB}.GN|Any CPU.Build.0 = Release MM3D|Win32
		{1EC8E2EF-5798-4626-A88F-D213840B9AAB}.GN|x64.ActiveCfg = Release|Win32
		{1EC8E2EF-5798-4626-A88F-D213840B9AAB}.GN|x64.Build.0 = Release|Win32
		{1EC8E2EF-5798-4626-A88F-D213840B9AAB}.GN|x86.ActiveCfg = Release|Win32
		{1EC8E2EF-5798-4626-A88F-D213840B9AAB}.GN|x86.Build.0 = Release|Win32
		{1EC8E2EF-5798-4626-A88F-D213840B9AAB}.MinSizeRel|Any CPU.ActiveCfg = Release MM3D|Win32
		{1EC8E2EF-5798-4626-A88F-D213840B9AAB}.MinSizeRel|Any CPU.Build.0 = Release MM3D|Win32
		{1EC8E2EF-5798-4626-A88F-D213840B9AAB}.MinSizeRel|x64.ActiveCfg = Release|Win32
		{1EC8E2EF-5798-4626-A88F-D213840B9AAB}.MinSizeRel|x64.Build.0 = Release|Win32
		{1EC8E2EF-5798-4626-A88F-D213840B9AAB}.MinSizeRel|x86.ActiveCfg = Debug|Win32
		{1EC8E2EF-5798-4626-A88F-D213840B9AAB}.MinSizeRel|x86.Build.0 = Debug|Win32
		{1EC8E2EF-5798-4626-A88F-D213840B9AAB}.Release DLL (x2mdl)|Any CPU.ActiveCfg = Release MM3D|Win32
		{1EC8E2EF-5798-4626-A88F-D213840B9AAB}.Release DLL (x2mdl)|Any CPU.Build.0 = Release MM3D|Win32
		{1EC8E2EF-5798-4626-A88F-D213840B9AAB}.Release DLL (x2mdl)|x64.ActiveCfg = Release Static|Win32
		{1EC8E2EF-5798-4626-A88F-D213840B9AAB}.Release DLL (x2mdl)|x86.ActiveCfg = Release Static|Win32
		{1EC8E2EF-5798-4626-A88F-D213840B9AAB}.Release Static|Any CPU.ActiveCfg = Release Static|Win32
		{1EC8E2EF-5798-4626-A88F-D213840B9AAB}.Release Static|x64.ActiveCfg = Release Static|Win32
		{1EC8E2EF-5798-4626-A88F-D213840B9AAB}.Release Static|x86.ActiveCfg = Release Static|Win32
		{1EC8E2EF-5798-4626-A88F-D213840B9AAB}.Release Static|x86.Build.0 = Release Static|Win32
		{1EC8E2EF-5798-4626-A88F-D213840B9AAB}.Release|Any CPU.ActiveCfg = Release|Win32
		{1EC8E2EF-5798-4626-A88F-D213840B9AAB}.Release|x64.ActiveCfg = Release Static|Win32
		{1EC8E2EF-5798-4626-A88F-D213840B9AAB}.Release|x86.ActiveCfg = Release|Win32
		{1EC8E2EF-5798-4626-A88F-D213840B9AAB}.Release|x86.Build.0 = Release|Win32
		{1EC8E2EF-5798-4626-A88F-D213840B9AAB}.RelWithDebInfo|Any CPU.ActiveCfg = RelWithDebInfo|Win32
		{1EC8E2EF-5798-4626-A88F-D213840B9AAB}.RelWithDebInfo|x64.ActiveCfg = Release|Win32
		{1EC8E2EF-5798-4626-A88F-D213840B9AAB}.RelWithDebInfo|x64.Build.0 = Release|Win32
		{1EC8E2EF-5798-4626-A88F-D213840B9AAB}.RelWithDebInfo|x86.ActiveCfg = RelWithDebInfo|Win32
		{1EC8E2EF-5798-4626-A88F-D213840B9AAB}.RelWithDebInfo|x86.Build.0 = RelWithDebInfo|Win32
		{4D50E220-C402-4FC6-AE8C-F9C743BF6B1D}.Debug DLL (x2mdl)|Any CPU.ActiveCfg = RelWithDebInfo|Win32
		{4D50E220-C402-4FC6-AE8C-F9C743BF6B1D}.Debug DLL (x2mdl)|Any CPU.Build.0 = RelWithDebInfo|Win32
		{4D50E220-C402-4FC6-AE8C-F9C743BF6B1D}.Debug DLL (x2mdl)|x64.ActiveCfg = Debug|Win32
		{4D50E220-C402-4FC6-AE8C-F9C743BF6B1D}.Debug DLL (x2mdl)|x64.Build.0 = Debug|Win32
		{4D50E220-C402-4FC6-AE8C-F9C743BF6B1D}.Debug DLL (x2mdl)|x86.ActiveCfg = Debug|Win32
		{4D50E220-C402-4FC6-AE8C-F9C743BF6B1D}.Debug DLL (x2mdl)|x86.Build.0 = Debug|Win32
		{4D50E220-C402-4FC6-AE8C-F9C743BF6B1D}.Debug Static|Any CPU.ActiveCfg = RelWithDebInfo|Win32
		{4D50E220-C402-4FC6-AE8C-F9C743BF6B1D}.Debug Static|Any CPU.Build.0 = RelWithDebInfo|Win32
		{4D50E220-C402-4FC6-AE8C-F9C743BF6B1D}.Debug Static|x64.ActiveCfg = Debug|Win32
		{4D50E220-C402-4FC6-AE8C-F9C743BF6B1D}.Debug Static|x64.Build.0 = Debug|Win32
		{4D50E220-C402-4FC6-AE8C-F9C743BF6B1D}.Debug Static|x86.ActiveCfg = Debug|Win32
		{4D50E220-C402-4FC6-AE8C-F9C743BF6B1D}.Debug Static|x86.Build.0 = Debug|Win32
		{4D50E220-C402-4FC6-AE8C-F9C743BF6B1D}.Debug|Any CPU.ActiveCfg = Debug|Win32
		{4D50E220-C402-4FC6-AE8C-F9C743BF6B1D}.Debug|x64.ActiveCfg = Debug|Win32
		{4D50E220-C402-4FC6-AE8C-F9C743BF6B1D}.Debug|x86.ActiveCfg = Debug|Win32
		{4D50E220-C402-4FC6-AE8C-F9C743BF6B1D}.Debug|x86.Build.0 = Debug|Win32
		{4D50E220-C402-4FC6-AE8C-F9C743BF6B1D}.GN|Any CPU.ActiveCfg = RelWithDebInfo|Win32
		{4D50E220-C402-4FC6-AE8C-F9C743BF6B1D}.GN|Any CPU.Build.0 = RelWithDebInfo|Win32
		{4D50E220-C402-4FC6-AE8C-F9C743BF6B1D}.GN|x64.ActiveCfg = Debug|Win32
		{4D50E220-C402-4FC6-AE8C-F9C743BF6B1D}.GN|x64.Build.0 = Debug|Win32
		{4D50E220-C402-4FC6-AE8C-F9C743BF6B1D}.GN|x86.ActiveCfg = Debug|Win32
		{4D50E220-C402-4FC6-AE8C-F9C743BF6B1D}.GN|x86.Build.0 = Debug|Win32
		{4D50E220-C402-4FC6-AE8C-F9C743BF6B1D}.MinSizeRel|Any CPU.ActiveCfg = RelWithDebInfo|Win32
		{4D50E220-C402-4FC6-AE8C-F9C743BF6B1D}.MinSizeRel|Any CPU.Build.0 = RelWithDebInfo|Win32
		{4D50E220-C402-4FC6-AE8C-F9C743BF6B1D}.MinSizeRel|x64.ActiveCfg = Debug|Win32
		{4D50E220-C402-4FC6-AE8C-F9C743BF6B1D}.MinSizeRel|x64.Build.0 = Debug|Win32
		{4D50E220-C402-4FC6-AE8C-F9C743BF6B1D}.MinSizeRel|x86.ActiveCfg = Debug|Win32
		{4D50E220-C402-4FC6-AE8C-F9C743BF6B1D}.MinSizeRel|x86.Build.0 = Debug|Win32
		{4D50E220-C402-4FC6-AE8C-F9C743BF6B1D}.Release DLL (x2mdl)|Any CPU.ActiveCfg = RelWithDebInfo|Win32
		{4D50E220-C402-4FC6-AE8C-F9C743BF6B1D}.Release DLL (x2mdl)|Any CPU.Build.0 = RelWithDebInfo|Win32
		{4D50E220-C402-4FC6-AE8C-F9C743BF6B1D}.Release DLL (x2mdl)|x64.ActiveCfg = Release|Win32
		{4D50E220-C402-4FC6-AE8C-F9C743BF6B1D}.Release DLL (x2mdl)|x64.Build.0 = Release|Win32
		{4D50E220-C402-4FC6-AE8C-F9C743BF6B1D}.Release DLL (x2mdl)|x86.ActiveCfg = Release|Win32
		{4D50E220-C402-4FC6-AE8C-F9C743BF6B1D}.Release DLL (x2mdl)|x86.Build.0 = Release|Win32
		{4D50E220-C402-4FC6-AE8C-F9C743BF6B1D}.Release Static|Any CPU.ActiveCfg = RelWithDebInfo|Win32
		{4D50E220-C402-4FC6-AE8C-F9C743BF6B1D}.Release Static|Any CPU.Build.0 = RelWithDebInfo|Win32
		{4D50E220-C402-4FC6-AE8C-F9C743BF6B1D}.Release Static|x64.ActiveCfg = Release|Win32
		{4D50E220-C402-4FC6-AE8C-F9C743BF6B1D}.Release Static|x64.Build.0 = Release|Win32
		{4D50E220-C402-4FC6-AE8C-F9C743BF6B1D}.Release Static|x86.ActiveCfg = Release|Win32
		{4D50E220-C402-4FC6-AE8C-F9C743BF6B1D}.Release Static|x86.Build.0 = Release|Win32
		{4D50E220-C402-4FC6-AE8C-F9C743BF6B1D}.Release|Any CPU.ActiveCfg = Release|Win32
		{4D50E220-C402-4FC6-AE8C-F9C743BF6B1D}.Release|x64.ActiveCfg = Release|Win32
		{4D50E220-C402-4FC6-AE8C-F9C743BF6B1D}.Release|x86.ActiveCfg = Release|Win32
		{4D50E220-C402-4FC6-AE8C-F9C743BF6B1D}.Release|x86.Build.0 = Release|Win32
		{4D50E220-C402-4FC6-AE8C-F9C743BF6B1D}.RelWithDebInfo|Any CPU.ActiveCfg = RelWithDebInfo|Win32
		{4D50E220-C402-4FC6-AE8C-F9C743BF6B1D}.RelWithDebInfo|x64.ActiveCfg = RelWithDebInfo|Win32
		{4D50E220-C402-4FC6-AE8C-F9C743BF6B1D}.RelWithDebInfo|x64.Build.0 = RelWithDebInfo|Win32
		{4D50E220-C402-4FC6-AE8C-F9C743BF6B1D}.RelWithDebInfo|x86.ActiveCfg = RelWithDebInfo|Win32
		{4D50E220-C402-4FC6-AE8C-F9C743BF6B1D}.RelWithDebInfo|x86.Build.0 = RelWithDebInfo|Win32
		{36248B6C-6F85-47E8-82AB-DCE99323AB9A}.Debug DLL (x2mdl)|Any CPU.ActiveCfg = Debug DLL (x2mdl)|Win32
		{36248B6C-6F85-47E8-82AB-DCE99323AB9A}.Debug DLL (x2mdl)|x64.ActiveCfg = Debug DLL (x2mdl)|Win32
		{36248B6C-6F85-47E8-82AB-DCE99323AB9A}.Debug DLL (x2mdl)|x86.ActiveCfg = Debug DLL (x2mdl)|Win32
		{36248B6C-6F85-47E8-82AB-DCE99323AB9A}.Debug DLL (x2mdl)|x86.Build.0 = Debug DLL (x2mdl)|Win32
		{36248B6C-6F85-47E8-82AB-DCE99323AB9A}.Debug Static|Any CPU.ActiveCfg = relwithdebinfo-noboost-st|Win32
		{36248B6C-6F85-47E8-82AB-DCE99323AB9A}.Debug Static|Any CPU.Build.0 = relwithdebinfo-noboost-st|Win32
		{36248B6C-6F85-47E8-82AB-DCE99323AB9A}.Debug Static|x64.ActiveCfg = Debug|Win32
		{36248B6C-6F85-47E8-82AB-DCE99323AB9A}.Debug Static|x64.Build.0 = Debug|Win32
		{36248B6C-6F85-47E8-82AB-DCE99323AB9A}.Debug Static|x86.ActiveCfg = Debug DLL (x2mdl)|Win32
		{36248B6C-6F85-47E8-82AB-DCE99323AB9A}.Debug Static|x86.Build.0 = Debug DLL (x2mdl)|Win32
		{36248B6C-6F85-47E8-82AB-DCE99323AB9A}.Debug|Any CPU.ActiveCfg = Debug|Win32
		{36248B6C-6F85-47E8-82AB-DCE99323AB9A}.Debug|x64.ActiveCfg = Debug DLL (x2mdl)|Win32
		{36248B6C-6F85-47E8-82AB-DCE99323AB9A}.Debug|x86.ActiveCfg = Debug DLL (x2mdl)|Win32
		{36248B6C-6F85-47E8-82AB-DCE99323AB9A}.Debug|x86.Build.0 = Debug DLL (x2mdl)|Win32
		{36248B6C-6F85-47E8-82AB-DCE99323AB9A}.GN|Any CPU.ActiveCfg = relwithdebinfo-noboost-st|Win32
		{36248B6C-6F85-47E8-82AB-DCE99323AB9A}.GN|Any CPU.Build.0 = relwithdebinfo-noboost-st|Win32
		{36248B6C-6F85-47E8-82AB-DCE99323AB9A}.GN|x64.ActiveCfg = Debug|Win32
		{36248B6C-6F85-47E8-82AB-DCE99323AB9A}.GN|x64.Build.0 = Debug|Win32
		{36248B6C-6F85-47E8-82AB-DCE99323AB9A}.GN|x86.ActiveCfg = Debug|Win32
		{36248B6C-6F85-47E8-82AB-DCE99323AB9A}.GN|x86.Build.0 = Debug|Win32
		{36248B6C-6F85-47E8-82AB-DCE99323AB9A}.MinSizeRel|Any CPU.ActiveCfg = relwithdebinfo-noboost-st|Win32
		{36248B6C-6F85-47E8-82AB-DCE99323AB9A}.MinSizeRel|Any CPU.Build.0 = relwithdebinfo-noboost-st|Win32
		{36248B6C-6F85-47E8-82AB-DCE99323AB9A}.MinSizeRel|x64.ActiveCfg = Debug|Win32
		{36248B6C-6F85-47E8-82AB-DCE99323AB9A}.MinSizeRel|x64.Build.0 = Debug|Win32
		{36248B6C-6F85-47E8-82AB-DCE99323AB9A}.MinSizeRel|x86.ActiveCfg = Debug|Win32
		{36248B6C-6F85-47E8-82AB-DCE99323AB9A}.MinSizeRel|x86.Build.0 = Debug|Win32
		{36248B6C-6F85-47E8-82AB-DCE99323AB9A}.Release DLL (x2mdl)|Any CPU.ActiveCfg = Release DLL (x2mdl)|Win32
		{36248B6C-6F85-47E8-82AB-DCE99323AB9A}.Release DLL (x2mdl)|x64.ActiveCfg = Release DLL (x2mdl)|Win32
		{36248B6C-6F85-47E8-82AB-DCE99323AB9A}.Release DLL (x2mdl)|x86.ActiveCfg = Release DLL (x2mdl)|Win32
		{36248B6C-6F85-47E8-82AB-DCE99323AB9A}.Release DLL (x2mdl)|x86.Build.0 = Release DLL (x2mdl)|Win32
		{36248B6C-6F85-47E8-82AB-DCE99323AB9A}.Release Static|Any CPU.ActiveCfg = relwithdebinfo-noboost-st|Win32
		{36248B6C-6F85-47E8-82AB-DCE99323AB9A}.Release Static|Any CPU.Build.0 = relwithdebinfo-noboost-st|Win32
		{36248B6C-6F85-47E8-82AB-DCE99323AB9A}.Release Static|x64.ActiveCfg = Debug|Win32
		{36248B6C-6F85-47E8-82AB-DCE99323AB9A}.Release Static|x64.Build.0 = Debug|Win32
		{36248B6C-6F85-47E8-82AB-DCE99323AB9A}.Release Static|x86.ActiveCfg = Release|Win32
		{36248B6C-6F85-47E8-82AB-DCE99323AB9A}.Release Static|x86.Build.0 = Release|Win32
		{36248B6C-6F85-47E8-82AB-DCE99323AB9A}.Release|Any CPU.ActiveCfg = Release|Win32
		{36248B6C-6F85-47E8-82AB-DCE99323AB9A}.Release|x64.ActiveCfg = Release DLL (x2mdl)|Win32
		{36248B6C-6F85-47E8-82AB-DCE99323AB9A}.Release|x86.ActiveCfg = Release DLL (x2mdl)|Win32
		{36248B6C-6F85-47E8-82AB-DCE99323AB9A}.Release|x86.Build.0 = Release DLL (x2mdl)|Win32
		{36248B6C-6F85-47E8-82AB-DCE99323AB9A}.RelWithDebInfo|Any CPU.ActiveCfg = relwithdebinfo-noboost-st|Win32
		{36248B6C-6F85-47E8-82AB-DCE99323AB9A}.RelWithDebInfo|Any CPU.Build.0 = relwithdebinfo-noboost-st|Win32
		{36248B6C-6F85-47E8-82AB-DCE99323AB9A}.RelWithDebInfo|x64.ActiveCfg = RelWithDebInfo DLL|Win32
		{36248B6C-6F85-47E8-82AB-DCE99323AB9A}.RelWithDebInfo|x64.Build.0 = RelWithDebInfo DLL|Win32
		{36248B6C-6F85-47E8-82AB-DCE99323AB9A}.RelWithDebInfo|x86.ActiveCfg = RelWithDebInfo DLL|Win32
		{36248B6C-6F85-47E8-82AB-DCE99323AB9A}.RelWithDebInfo|x86.Build.0 = RelWithDebInfo DLL|Win32
		{BB0864BD-C3C2-492E-91C7-209953120C8D}.Debug DLL (x2mdl)|Any CPU.ActiveCfg = Release|Win32
		{BB0864BD-C3C2-492E-91C7-209953120C8D}.Debug DLL (x2mdl)|Any CPU.Build.0 = Release|Win32
		{BB0864BD-C3C2-492E-91C7-209953120C8D}.Debug DLL (x2mdl)|x64.ActiveCfg = Debug|Win32
		{BB0864BD-C3C2-492E-91C7-209953120C8D}.Debug DLL (x2mdl)|x64.Build.0 = Debug|Win32
		{BB0864BD-C3C2-492E-91C7-209953120C8D}.Debug DLL (x2mdl)|x86.ActiveCfg = Debug|Win32
		{BB0864BD-C3C2-492E-91C7-209953120C8D}.Debug DLL (x2mdl)|x86.Build.0 = Debug|Win32
		{BB0864BD-C3C2-492E-91C7-209953120C8D}.Debug Static|Any CPU.ActiveCfg = Release|Win32
		{BB0864BD-C3C2-492E-91C7-209953120C8D}.Debug Static|Any CPU.Build.0 = Release|Win32
		{BB0864BD-C3C2-492E-91C7-209953120C8D}.Debug Static|x64.ActiveCfg = Debug|Win32
		{BB0864BD-C3C2-492E-91C7-209953120C8D}.Debug Static|x64.Build.0 = Debug|Win32
		{BB0864BD-C3C2-492E-91C7-209953120C8D}.Debug Static|x86.ActiveCfg = Debug|Win32
		{BB0864BD-C3C2-492E-91C7-209953120C8D}.Debug Static|x86.Build.0 = Debug|Win32
		{BB0864BD-C3C2-492E-91C7-209953120C8D}.Debug|Any CPU.ActiveCfg = Debug|Win32
		{BB0864BD-C3C2-492E-91C7-209953120C8D}.Debug|x64.ActiveCfg = Debug|Win32
		{BB0864BD-C3C2-492E-91C7-209953120C8D}.Debug|x86.ActiveCfg = Debug|Win32
		{BB0864BD-C3C2-492E-91C7-209953120C8D}.Debug|x86.Build.0 = Debug|Win32
		{BB0864BD-C3C2-492E-91C7-209953120C8D}.GN|Any CPU.ActiveCfg = Release|Win32
		{BB0864BD-C3C2-492E-91C7-209953120C8D}.GN|Any CPU.Build.0 = Release|Win32
		{BB0864BD-C3C2-492E-91C7-209953120C8D}.GN|x64.ActiveCfg = Debug|Win32
		{BB0864BD-C3C2-492E-91C7-209953120C8D}.GN|x64.Build.0 = Debug|Win32
		{BB0864BD-C3C2-492E-91C7-209953120C8D}.GN|x86.ActiveCfg = Debug|Win32
		{BB0864BD-C3C2-492E-91C7-209953120C8D}.GN|x86.Build.0 = Debug|Win32
		{BB0864BD-C3C2-492E-91C7-209953120C8D}.MinSizeRel|Any CPU.ActiveCfg = Release|Win32
		{BB0864BD-C3C2-492E-91C7-209953120C8D}.MinSizeRel|Any CPU.Build.0 = Release|Win32
		{BB0864BD-C3C2-492E-91C7-209953120C8D}.MinSizeRel|x64.ActiveCfg = Debug|Win32
		{BB0864BD-C3C2-492E-91C7-209953120C8D}.MinSizeRel|x64.Build.0 = Debug|Win32
		{BB0864BD-C3C2-492E-91C7-209953120C8D}.MinSizeRel|x86.ActiveCfg = Debug|Win32
		{BB0864BD-C3C2-492E-91C7-209953120C8D}.MinSizeRel|x86.Build.0 = Debug|Win32
		{BB0864BD-C3C2-492E-91C7-209953120C8D}.Release DLL (x2mdl)|Any CPU.ActiveCfg = Release|Win32
		{BB0864BD-C3C2-492E-91C7-209953120C8D}.Release DLL (x2mdl)|Any CPU.Build.0 = Release|Win32
		{BB0864BD-C3C2-492E-91C7-209953120C8D}.Release DLL (x2mdl)|x64.ActiveCfg = Debug|Win32
		{BB0864BD-C3C2-492E-91C7-209953120C8D}.Release DLL (x2mdl)|x64.Build.0 = Debug|Win32
		{BB0864BD-C3C2-492E-91C7-209953120C8D}.Release DLL (x2mdl)|x86.ActiveCfg = Release|Win32
		{BB0864BD-C3C2-492E-91C7-209953120C8D}.Release DLL (x2mdl)|x86.Build.0 = Release|Win32
		{BB0864BD-C3C2-492E-91C7-209953120C8D}.Release Static|Any CPU.ActiveCfg = Release|Win32
		{BB0864BD-C3C2-492E-91C7-209953120C8D}.Release Static|Any CPU.Build.0 = Release|Win32
		{BB0864BD-C3C2-492E-91C7-209953120C8D}.Release Static|x64.ActiveCfg = Debug|Win32
		{BB0864BD-C3C2-492E-91C7-209953120C8D}.Release Static|x64.Build.0 = Debug|Win32
		{BB0864BD-C3C2-492E-91C7-209953120C8D}.Release Static|x86.ActiveCfg = Release|Win32
		{BB0864BD-C3C2-492E-91C7-209953120C8D}.Release Static|x86.Build.0 = Release|Win32
		{BB0864BD-C3C2-492E-91C7-209953120C8D}.Release|Any CPU.ActiveCfg = Release|Win32
		{BB0864BD-C3C2-492E-91C7-209953120C8D}.Release|x64.ActiveCfg = Release|Win32
		{BB0864BD-C3C2-492E-91C7-209953120C8D}.Release|x86.ActiveCfg = Release|Win32
		{BB0864BD-C3C2-492E-91C7-209953120C8D}.Release|x86.Build.0 = Release|Win32
		{BB0864BD-C3C2-492E-91C7-209953120C8D}.RelWithDebInfo|Any CPU.ActiveCfg = Release|Win32
		{BB0864BD-C3C2-492E-91C7-209953120C8D}.RelWithDebInfo|Any CPU.Build.0 = Release|Win32
		{BB0864BD-C3C2-492E-91C7-209953120C8D}.RelWithDebInfo|x64.ActiveCfg = Debug|Win32
		{BB0864BD-C3C2-492E-91C7-209953120C8D}.RelWithDebInfo|x64.Build.0 = Debug|Win32
		{BB0864BD-C3C2-492E-91C7-209953120C8D}.RelWithDebInfo|x86.ActiveCfg = Release|Win32
		{BB0864BD-C3C2-492E-91C7-209953120C8D}.RelWithDebInfo|x86.Build.0 = Release|Win32
		{AF0B174C-E06C-4E91-9E3A-855E1BF974AD}.Debug DLL (x2mdl)|Any CPU.ActiveCfg = Release|Win32
		{AF0B174C-E06C-4E91-9E3A-855E1BF974AD}.Debug DLL (x2mdl)|Any CPU.Build.0 = Release|Win32
		{AF0B174C-E06C-4E91-9E3A-855E1BF974AD}.Debug DLL (x2mdl)|x64.ActiveCfg = Debug|Win32
		{AF0B174C-E06C-4E91-9E3A-855E1BF974AD}.Debug DLL (x2mdl)|x64.Build.0 = Debug|Win32
		{AF0B174C-E06C-4E91-9E3A-855E1BF974AD}.Debug DLL (x2mdl)|x86.ActiveCfg = Debug|Win32
		{AF0B174C-E06C-4E91-9E3A-855E1BF974AD}.Debug DLL (x2mdl)|x86.Build.0 = Debug|Win32
		{AF0B174C-E06C-4E91-9E3A-855E1BF974AD}.Debug Static|Any CPU.ActiveCfg = Release|Win32
		{AF0B174C-E06C-4E91-9E3A-855E1BF974AD}.Debug Static|Any CPU.Build.0 = Release|Win32
		{AF0B174C-E06C-4E91-9E3A-855E1BF974AD}.Debug Static|x64.ActiveCfg = Debug|Win32
		{AF0B174C-E06C-4E91-9E3A-855E1BF974AD}.Debug Static|x64.Build.0 = Debug|Win32
		{AF0B174C-E06C-4E91-9E3A-855E1BF974AD}.Debug Static|x86.ActiveCfg = Debug|Win32
		{AF0B174C-E06C-4E91-9E3A-855E1BF974AD}.Debug Static|x86.Build.0 = Debug|Win32
		{AF0B174C-E06C-4E91-9E3A-855E1BF974AD}.Debug|Any CPU.ActiveCfg = Debug|Win32
		{AF0B174C-E06C-4E91-9E3A-855E1BF974AD}.Debug|x64.ActiveCfg = Debug|Win32
		{AF0B174C-E06C-4E91-9E3A-855E1BF974AD}.Debug|x86.ActiveCfg = Debug|Win32
		{AF0B174C-E06C-4E91-9E3A-855E1BF974AD}.Debug|x86.Build.0 = Debug|Win32
		{AF0B174C-E06C-4E91-9E3A-855E1BF974AD}.GN|Any CPU.ActiveCfg = Release|Win32
		{AF0B174C-E06C-4E91-9E3A-855E1BF974AD}.GN|Any CPU.Build.0 = Release|Win32
		{AF0B174C-E06C-4E91-9E3A-855E1BF974AD}.GN|x64.ActiveCfg = Debug|Win32
		{AF0B174C-E06C-4E91-9E3A-855E1BF974AD}.GN|x64.Build.0 = Debug|Win32
		{AF0B174C-E06C-4E91-9E3A-855E1BF974AD}.GN|x86.ActiveCfg = Debug|Win32
		{AF0B174C-E06C-4E91-9E3A-855E1BF974AD}.GN|x86.Build.0 = Debug|Win32
		{AF0B174C-E06C-4E91-9E3A-855E1BF974AD}.MinSizeRel|Any CPU.ActiveCfg = Release|Win32
		{AF0B174C-E06C-4E91-9E3A-855E1BF974AD}.MinSizeRel|Any CPU.Build.0 = Release|Win32
		{AF0B174C-E06C-4E91-9E3A-855E1BF974AD}.MinSizeRel|x64.ActiveCfg = Debug|Win32
		{AF0B174C-E06C-4E91-9E3A-855E1BF974AD}.MinSizeRel|x64.Build.0 = Debug|Win32
		{AF0B174C-E06C-4E91-9E3A-855E1BF974AD}.MinSizeRel|x86.ActiveCfg = Debug|Win32
		{AF0B174C-E06C-4E91-9E3A-855E1BF974AD}.MinSizeRel|x86.Build.0 = Debug|Win32
		{AF0B174C-E06C-4E91-9E3A-855E1BF974AD}.Release DLL (x2mdl)|Any CPU.ActiveCfg = Release|Win32
		{AF0B174C-E06C-4E91-9E3A-855E1BF974AD}.Release DLL (x2mdl)|Any CPU.Build.0 = Release|Win32
		{AF0B174C-E06C-4E91-9E3A-855E1BF974AD}.Release DLL (x2mdl)|x64.ActiveCfg = Debug|Win32
		{AF0B174C-E06C-4E91-9E3A-855E1BF974AD}.Release DLL (x2mdl)|x64.Build.0 = Debug|Win32
		{AF0B174C-E06C-4E91-9E3A-855E1BF974AD}.Release DLL (x2mdl)|x86.ActiveCfg = Release|Win32
		{AF0B174C-E06C-4E91-9E3A-855E1BF974AD}.Release DLL (x2mdl)|x86.Build.0 = Release|Win32
		{AF0B174C-E06C-4E91-9E3A-855E1BF974AD}.Release Static|Any CPU.ActiveCfg = Release|Win32
		{AF0B174C-E06C-4E91-9E3A-855E1BF974AD}.Release Static|Any CPU.Build.0 = Release|Win32
		{AF0B174C-E06C-4E91-9E3A-855E1BF974AD}.Release Static|x64.ActiveCfg = Debug|Win32
		{AF0B174C-E06C-4E91-9E3A-855E1BF974AD}.Release Static|x64.Build.0 = Debug|Win32
		{AF0B174C-E06C-4E91-9E3A-855E1BF974AD}.Release Static|x86.ActiveCfg = Release|Win32
		{AF0B174C-E06C-4E91-9E3A-855E1BF974AD}.Release Static|x86.Build.0 = Release|Win32
		{AF0B174C-E06C-4E91-9E3A-855E1BF974AD}.Release|Any CPU.ActiveCfg = Release|Win32
		{AF0B174C-E06C-4E91-9E3A-855E1BF974AD}.Release|x64.ActiveCfg = Release|Win32
		{AF0B174C-E06C-4E91-9E3A-855E1BF974AD}.Release|x86.ActiveCfg = Release|Win32
		{AF0B174C-E06C-4E91-9E3A-855E1BF974AD}.Release|x86.Build.0 = Release|Win32
		{AF0B174C-E06C-4E91-9E3A-855E1BF974AD}.RelWithDebInfo|Any CPU.ActiveCfg = Release|Win32
		{AF0B174C-E06C-4E91-9E3A-855E1BF974AD}.RelWithDebInfo|Any CPU.Build.0 = Release|Win32
		{AF0B174C-E06C-4E91-9E3A-855E1BF974AD}.RelWithDebInfo|x64.ActiveCfg = Debug|Win32
		{AF0B174C-E06C-4E91-9E3A-855E1BF974AD}.RelWithDebInfo|x64.Build.0 = Debug|Win32
		{AF0B174C-E06C-4E91-9E3A-855E1BF974AD}.RelWithDebInfo|x86.ActiveCfg = Release|Win32
		{AF0B174C-E06C-4E91-9E3A-855E1BF974AD}.RelWithDebInfo|x86.Build.0 = Release|Win32
		{2A1E2B14-92E0-45EC-9E2A-ED12ED9E8EB4}.Debug DLL (x2mdl)|Any CPU.ActiveCfg = Release|Win32
		{2A1E2B14-92E0-45EC-9E2A-ED12ED9E8EB4}.Debug DLL (x2mdl)|Any CPU.Build.0 = Release|Win32
		{2A1E2B14-92E0-45EC-9E2A-ED12ED9E8EB4}.Debug DLL (x2mdl)|x64.ActiveCfg = Debug|Win32
		{2A1E2B14-92E0-45EC-9E2A-ED12ED9E8EB4}.Debug DLL (x2mdl)|x64.Build.0 = Debug|Win32
		{2A1E2B14-92E0-45EC-9E2A-ED12ED9E8EB4}.Debug DLL (x2mdl)|x86.ActiveCfg = Debug|Win32
		{2A1E2B14-92E0-45EC-9E2A-ED12ED9E8EB4}.Debug DLL (x2mdl)|x86.Build.0 = Debug|Win32
		{2A1E2B14-92E0-45EC-9E2A-ED12ED9E8EB4}.Debug Static|Any CPU.ActiveCfg = Release|Win32
		{2A1E2B14-92E0-45EC-9E2A-ED12ED9E8EB4}.Debug Static|Any CPU.Build.0 = Release|Win32
		{2A1E2B14-92E0-45EC-9E2A-ED12ED9E8EB4}.Debug Static|x64.ActiveCfg = Debug|Win32
		{2A1E2B14-92E0-45EC-9E2A-ED12ED9E8EB4}.Debug Static|x64.Build.0 = Debug|Win32
		{2A1E2B14-92E0-45EC-9E2A-ED12ED9E8EB4}.Debug Static|x86.ActiveCfg = Debug|Win32
		{2A1E2B14-92E0-45EC-9E2A-ED12ED9E8EB4}.Debug Static|x86.Build.0 = Debug|Win32
		{2A1E2B14-92E0-45EC-9E2A-ED12ED9E8EB4}.Debug|Any CPU.ActiveCfg = Debug|Win32
		{2A1E2B14-92E0-45EC-9E2A-ED12ED9E8EB4}.Debug|x64.ActiveCfg = Debug|Win32
		{2A1E2B14-92E0-45EC-9E2A-ED12ED9E8EB4}.Debug|x86.ActiveCfg = Debug|Win32
		{2A1E2B14-92E0-45EC-9E2A-ED12ED9E8EB4}.Debug|x86.Build.0 = Debug|Win32
		{2A1E2B14-92E0-45EC-9E2A-ED12ED9E8EB4}.GN|Any CPU.ActiveCfg = Release|Win32
		{2A1E2B14-92E0-45EC-9E2A-ED12ED9E8EB4}.GN|Any CPU.Build.0 = Release|Win32
		{2A1E2B14-92E0-45EC-9E2A-ED12ED9E8EB4}.GN|x64.ActiveCfg = Debug|Win32
		{2A1E2B14-92E0-45EC-9E2A-ED12ED9E8EB4}.GN|x64.Build.0 = Debug|Win32
		{2A1E2B14-92E0-45EC-9E2A-ED12ED9E8EB4}.GN|x86.ActiveCfg = Debug|Win32
		{2A1E2B14-92E0-45EC-9E2A-ED12ED9E8EB4}.GN|x86.Build.0 = Debug|Win32
		{2A1E2B14-92E0-45EC-9E2A-ED12ED9E8EB4}.MinSizeRel|Any CPU.ActiveCfg = Release|Win32
		{2A1E2B14-92E0-45EC-9E2A-ED12ED9E8EB4}.MinSizeRel|Any CPU.Build.0 = Release|Win32
		{2A1E2B14-92E0-45EC-9E2A-ED12ED9E8EB4}.MinSizeRel|x64.ActiveCfg = Debug|Win32
		{2A1E2B14-92E0-45EC-9E2A-ED12ED9E8EB4}.MinSizeRel|x64.Build.0 = Debug|Win32
		{2A1E2B14-92E0-45EC-9E2A-ED12ED9E8EB4}.MinSizeRel|x86.ActiveCfg = Debug|Win32
		{2A1E2B14-92E0-45EC-9E2A-ED12ED9E8EB4}.MinSizeRel|x86.Build.0 = Debug|Win32
		{2A1E2B14-92E0-45EC-9E2A-ED12ED9E8EB4}.Release DLL (x2mdl)|Any CPU.ActiveCfg = Release|Win32
		{2A1E2B14-92E0-45EC-9E2A-ED12ED9E8EB4}.Release DLL (x2mdl)|Any CPU.Build.0 = Release|Win32
		{2A1E2B14-92E0-45EC-9E2A-ED12ED9E8EB4}.Release DLL (x2mdl)|x64.ActiveCfg = Debug|Win32
		{2A1E2B14-92E0-45EC-9E2A-ED12ED9E8EB4}.Release DLL (x2mdl)|x64.Build.0 = Debug|Win32
		{2A1E2B14-92E0-45EC-9E2A-ED12ED9E8EB4}.Release DLL (x2mdl)|x86.ActiveCfg = Release|Win32
		{2A1E2B14-92E0-45EC-9E2A-ED12ED9E8EB4}.Release DLL (x2mdl)|x86.Build.0 = Release|Win32
		{2A1E2B14-92E0-45EC-9E2A-ED12ED9E8EB4}.Release Static|Any CPU.ActiveCfg = Release|Win32
		{2A1E2B14-92E0-45EC-9E2A-ED12ED9E8EB4}.Release Static|Any CPU.Build.0 = Release|Win32
		{2A1E2B14-92E0-45EC-9E2A-ED12ED9E8EB4}.Release Static|x64.ActiveCfg = Debug|Win32
		{2A1E2B14-92E0-45EC-9E2A-ED12ED9E8EB4}.Release Static|x64.Build.0 = Debug|Win32
		{2A1E2B14-92E0-45EC-9E2A-ED12ED9E8EB4}.Release Static|x86.ActiveCfg = Release|Win32
		{2A1E2B14-92E0-45EC-9E2A-ED12ED9E8EB4}.Release Static|x86.Build.0 = Release|Win32
		{2A1E2B14-92E0-45EC-9E2A-ED12ED9E8EB4}.Release|Any CPU.ActiveCfg = Release|Win32
		{2A1E2B14-92E0-45EC-9E2A-ED12ED9E8EB4}.Release|x64.ActiveCfg = Release|Win32
		{2A1E2B14-92E0-45EC-9E2A-ED12ED9E8EB4}.Release|x86.ActiveCfg = Release|Win32
		{2A1E2B14-92E0-45EC-9E2A-ED12ED9E8EB4}.Release|x86.Build.0 = Release|Win32
		{2A1E2B14-92E0-45EC-9E2A-ED12ED9E8EB4}.RelWithDebInfo|Any CPU.ActiveCfg = Release|Win32
		{2A1E2B14-92E0-45EC-9E2A-ED12ED9E8EB4}.RelWithDebInfo|Any CPU.Build.0 = Release|Win32
		{2A1E2B14-92E0-45EC-9E2A-ED12ED9E8EB4}.RelWithDebInfo|x64.ActiveCfg = Debug|Win32
		{2A1E2B14-92E0-45EC-9E2A-ED12ED9E8EB4}.RelWithDebInfo|x64.Build.0 = Debug|Win32
		{2A1E2B14-92E0-45EC-9E2A-ED12ED9E8EB4}.RelWithDebInfo|x86.ActiveCfg = Release|Win32
		{2A1E2B14-92E0-45EC-9E2A-ED12ED9E8EB4}.RelWithDebInfo|x86.Build.0 = Release|Win32
		{6B4AC379-8425-4CC4-93A5-E1EA36C569EB}.Debug DLL (x2mdl)|Any CPU.ActiveCfg = Release|Win32
		{6B4AC379-8425-4CC4-93A5-E1EA36C569EB}.Debug DLL (x2mdl)|Any CPU.Build.0 = Release|Win32
		{6B4AC379-8425-4CC4-93A5-E1EA36C569EB}.Debug DLL (x2mdl)|x64.ActiveCfg = Debug|Win32
		{6B4AC379-8425-4CC4-93A5-E1EA36C569EB}.Debug DLL (x2mdl)|x64.Build.0 = Debug|Win32
		{6B4AC379-8425-4CC4-93A5-E1EA36C569EB}.Debug DLL (x2mdl)|x86.ActiveCfg = Debug|Win32
		{6B4AC379-8425-4CC4-93A5-E1EA36C569EB}.Debug DLL (x2mdl)|x86.Build.0 = Debug|Win32
		{6B4AC379-8425-4CC4-93A5-E1EA36C569EB}.Debug Static|Any CPU.ActiveCfg = Release|Win32
		{6B4AC379-8425-4CC4-93A5-E1EA36C569EB}.Debug Static|Any CPU.Build.0 = Release|Win32
		{6B4AC379-8425-4CC4-93A5-E1EA36C569EB}.Debug Static|x64.ActiveCfg = Debug|Win32
		{6B4AC379-8425-4CC4-93A5-E1EA36C569EB}.Debug Static|x64.Build.0 = Debug|Win32
		{6B4AC379-8425-4CC4-93A5-E1EA36C569EB}.Debug Static|x86.ActiveCfg = Debug|Win32
		{6B4AC379-8425-4CC4-93A5-E1EA36C569EB}.Debug Static|x86.Build.0 = Debug|Win32
		{6B4AC379-8425-4CC4-93A5-E1EA36C569EB}.Debug|Any CPU.ActiveCfg = Debug|Win32
		{6B4AC379-8425-4CC4-93A5-E1EA36C569EB}.Debug|x64.ActiveCfg = Debug|Win32
		{6B4AC379-8425-4CC4-93A5-E1EA36C569EB}.Debug|x86.ActiveCfg = Debug|Win32
		{6B4AC379-8425-4CC4-93A5-E1EA36C569EB}.Debug|x86.Build.0 = Debug|Win32
		{6B4AC379-8425-4CC4-93A5-E1EA36C569EB}.GN|Any CPU.ActiveCfg = Release|Win32
		{6B4AC379-8425-4CC4-93A5-E1EA36C569EB}.GN|Any CPU.Build.0 = Release|Win32
		{6B4AC379-8425-4CC4-93A5-E1EA36C569EB}.GN|x64.ActiveCfg = Debug|Win32
		{6B4AC379-8425-4CC4-93A5-E1EA36C569EB}.GN|x64.Build.0 = Debug|Win32
		{6B4AC379-8425-4CC4-93A5-E1EA36C569EB}.GN|x86.ActiveCfg = Debug|Win32
		{6B4AC379-8425-4CC4-93A5-E1EA36C569EB}.GN|x86.Build.0 = Debug|Win32
		{6B4AC379-8425-4CC4-93A5-E1EA36C569EB}.MinSizeRel|Any CPU.ActiveCfg = Release|Win32
		{6B4AC379-8425-4CC4-93A5-E1EA36C569EB}.MinSizeRel|Any CPU.Build.0 = Release|Win32
		{6B4AC379-8425-4CC4-93A5-E1EA36C569EB}.MinSizeRel|x64.ActiveCfg = Debug|Win32
		{6B4AC379-8425-4CC4-93A5-E1EA36C569EB}.MinSizeRel|x64.Build.0 = Debug|Win32
		{6B4AC379-8425-4CC4-93A5-E1EA36C569EB}.MinSizeRel|x86.ActiveCfg = Debug|Win32
		{6B4AC379-8425-4CC4-93A5-E1EA36C569EB}.MinSizeRel|x86.Build.0 = Debug|Win32
		{6B4AC379-8425-4CC4-93A5-E1EA36C569EB}.Release DLL (x2mdl)|Any CPU.ActiveCfg = Release|Win32
		{6B4AC379-8425-4CC4-93A5-E1EA36C569EB}.Release DLL (x2mdl)|Any CPU.Build.0 = Release|Win32
		{6B4AC379-8425-4CC4-93A5-E1EA36C569EB}.Release DLL (x2mdl)|x64.ActiveCfg = Debug|Win32
		{6B4AC379-8425-4CC4-93A5-E1EA36C569EB}.Release DLL (x2mdl)|x64.Build.0 = Debug|Win32
		{6B4AC379-8425-4CC4-93A5-E1EA36C569EB}.Release DLL (x2mdl)|x86.ActiveCfg = Release|Win32
		{6B4AC379-8425-4CC4-93A5-E1EA36C569EB}.Release DLL (x2mdl)|x86.Build.0 = Release|Win32
		{6B4AC379-8425-4CC4-93A5-E1EA36C569EB}.Release Static|Any CPU.ActiveCfg = Release|Win32
		{6B4AC379-8425-4CC4-93A5-E1EA36C569EB}.Release Static|Any CPU.Build.0 = Release|Win32
		{6B4AC379-8425-4CC4-93A5-E1EA36C569EB}.Release Static|x64.ActiveCfg = Debug|Win32
		{6B4AC379-8425-4CC4-93A5-E1EA36C569EB}.Release Static|x64.Build.0 = Debug|Win32
		{6B4AC379-8425-4CC4-93A5-E1EA36C569EB}.Release Static|x86.ActiveCfg = Release|Win32
		{6B4AC379-8425-4CC4-93A5-E1EA36C569EB}.Release Static|x86.Build.0 = Release|Win32
		{6B4AC379-8425-4CC4-93A5-E1EA36C569EB}.Release|Any CPU.ActiveCfg = Release|Win32
		{6B4AC379-8425-4CC4-93A5-E1EA36C569EB}.Release|x64.ActiveCfg = Release|Win32
		{6B4AC379-8425-4CC4-93A5-E1EA36C569EB}.Release|x86.ActiveCfg = Release|Win32
		{6B4AC379-8425-4CC4-93A5-E1EA36C569EB}.Release|x86.Build.0 = Release|Win32
		{6B4AC379-8425-4CC4-93A5-E1EA36C569EB}.RelWithDebInfo|Any CPU.ActiveCfg = Release|Win32
		{6B4AC379-8425-4CC4-93A5-E1EA36C569EB}.RelWithDebInfo|Any CPU.Build.0 = Release|Win32
		{6B4AC379-8425-4CC4-93A5-E1EA36C569EB}.RelWithDebInfo|x64.ActiveCfg = Debug|Win32
		{6B4AC379-8425-4CC4-93A5-E1EA36C569EB}.RelWithDebInfo|x64.Build.0 = Debug|Win32
		{6B4AC379-8425-4CC4-93A5-E1EA36C569EB}.RelWithDebInfo|x86.ActiveCfg = Release|Win32
		{6B4AC379-8425-4CC4-93A5-E1EA36C569EB}.RelWithDebInfo|x86.Build.0 = Release|Win32
	EndGlobalSection
	GlobalSection(SolutionProperties) = preSolution
		HideSolutionNode = FALSE
	EndGlobalSection
	GlobalSection(ExtensibilityGlobals) = postSolution
		SolutionGuid = {4B2A75D2-C678-380D-ABCC-F55BB684A710}
	EndGlobalSection
EndGlobal
